
Microsoft Visual Studio Solution File, Format Version 12.00
# Visual Studio Version 17
VisualStudioVersion = 17.4.33122.133
MinimumVisualStudioVersion = 10.0.40219.1
Project("{FAE04EC0-301F-11D3-BF4B-00C04F79EFBC}") = "FetchJiraConsole", "FetchJiraConsole\FetchJiraConsole.csproj", "{38159EBF-5324-4154-8046-4A1DB88FB274}"
EndProject
Project("{FAE04EC0-301F-11D3-BF4B-00C04F79EFBC}") = "FetchJiraLogic", "FetchJiraLogic\FetchJiraLogic.csproj", "{DEA8A188-9961-400A-8240-34AE743B13F4}"
EndProject
Global
	GlobalSection(SolutionConfigurationPlatforms) = preSolution
		Debug|Any CPU = Debug|Any CPU
		Release|Any CPU = Release|Any CPU
	EndGlobalSection
	GlobalSection(ProjectConfigurationPlatforms) = postSolution
		{38159EBF-5324-4154-8046-4A1DB88FB274}.Debug|Any CPU.ActiveCfg = Debug|Any CPU
		{38159EBF-5324-4154-8046-4A1DB88FB274}.Debug|Any CPU.Build.0 = Debug|Any CPU
		{38159EBF-5324-4154-8046-4A1DB88FB274}.Release|Any CPU.ActiveCfg = Release|Any CPU
		{38159EBF-5324-4154-8046-4A1DB88FB274}.Release|Any CPU.Build.0 = Release|Any CPU
		{DEA8A188-9961-400A-8240-34AE743B13F4}.Debug|Any CPU.ActiveCfg = Debug|Any CPU
		{DEA8A188-9961-400A-8240-34AE743B13F4}.Debug|Any CPU.Build.0 = Debug|Any CPU
		{DEA8A188-9961-400A-8240-34AE743B13F4}.Release|Any CPU.ActiveCfg = Release|Any CPU
		{DEA8A188-9961-400A-8240-34AE743B13F4}.Release|Any CPU.Build.0 = Release|Any CPU
	EndGlobalSection
	GlobalSection(SolutionProperties) = preSolution
		HideSolutionNode = FALSE
	EndGlobalSection
	GlobalSection(ExtensibilityGlobals) = postSolution
		SolutionGuid = {33C9A4CF-8B61-4772-B245-A35BAF60E97A}
	EndGlobalSection
EndGlobal
